
Microsoft Visual Studio Solution File, Format Version 12.00
# Visual Studio 15
VisualStudioVersion = 15.0.28307.136
MinimumVisualStudioVersion = 10.0.40219.1
Project("{FAE04EC0-301F-11D3-BF4B-00C04F79EFBC}") = "WebHook.Common.Lib", "WebHook.Common.Lib\WebHook.Common.Lib.csproj", "{7F3B8A8F-FB2E-4325-B9A6-D3A905CE1621}"
EndProject
Project("{FAE04EC0-301F-11D3-BF4B-00C04F79EFBC}") = "WebHook.Engine.Backbone", "WebHook.Engine.Backbone\WebHook.Engine.Backbone.csproj", "{AF4E78F7-38D8-4FC8-B346-1FAD0E51C8CC}"
EndProject
Project("{FAE04EC0-301F-11D3-BF4B-00C04F79EFBC}") = "WebHook.Engine.Configuration", "WebHook.Engine.Configuration\WebHook.Engine.Configuration.csproj", "{EBB9252C-2094-489C-94BC-F1842CA9779C}"
EndProject
Project("{2150E333-8FDC-42A3-9474-1A3956D46DE8}") = "Common", "Common", "{E9AF602B-CF0A-44BF-840D-6E4369F1D9CE}"
EndProject
Project("{2150E333-8FDC-42A3-9474-1A3956D46DE8}") = "Engine", "Engine", "{138A8206-0EFC-42C7-97D7-3127DF6B55EF}"
EndProject
Project("{2150E333-8FDC-42A3-9474-1A3956D46DE8}") = "Module", "Module", "{85BF2732-F1C1-49D6-8F34-EAB4665D7493}"
EndProject
Project("{FAE04EC0-301F-11D3-BF4B-00C04F79EFBC}") = "WebHook.Module", "WebHook.Module\WebHook.Module.csproj", "{C42A5E3F-7CE9-4657-9F60-AABF97B21183}"
EndProject
Project("{FAE04EC0-301F-11D3-BF4B-00C04F79EFBC}") = "WebHook.Worker.Raiden", "WebHook.Worker.Raiden\WebHook.Worker.Raiden.csproj", "{530E2649-9586-4885-A97E-CCFD14AA1793}"
EndProject
Project("{2150E333-8FDC-42A3-9474-1A3956D46DE8}") = "Worker", "Worker", "{8DBD43BB-0A70-48BE-AF19-E57EED08D706}"
EndProject
Global
	GlobalSection(SolutionConfigurationPlatforms) = preSolution
		Debug|Any CPU = Debug|Any CPU
		Release|Any CPU = Release|Any CPU
	EndGlobalSection
	GlobalSection(ProjectConfigurationPlatforms) = postSolution
		{7F3B8A8F-FB2E-4325-B9A6-D3A905CE1621}.Debug|Any CPU.ActiveCfg = Debug|Any CPU
		{7F3B8A8F-FB2E-4325-B9A6-D3A905CE1621}.Debug|Any CPU.Build.0 = Debug|Any CPU
		{7F3B8A8F-FB2E-4325-B9A6-D3A905CE1621}.Release|Any CPU.ActiveCfg = Release|Any CPU
		{7F3B8A8F-FB2E-4325-B9A6-D3A905CE1621}.Release|Any CPU.Build.0 = Release|Any CPU
		{AF4E78F7-38D8-4FC8-B346-1FAD0E51C8CC}.Debug|Any CPU.ActiveCfg = Debug|Any CPU
		{AF4E78F7-38D8-4FC8-B346-1FAD0E51C8CC}.Debug|Any CPU.Build.0 = Debug|Any CPU
		{AF4E78F7-38D8-4FC8-B346-1FAD0E51C8CC}.Release|Any CPU.ActiveCfg = Release|Any CPU
		{AF4E78F7-38D8-4FC8-B346-1FAD0E51C8CC}.Release|Any CPU.Build.0 = Release|Any CPU
		{EBB9252C-2094-489C-94BC-F1842CA9779C}.Debug|Any CPU.ActiveCfg = Debug|Any CPU
		{EBB9252C-2094-489C-94BC-F1842CA9779C}.Debug|Any CPU.Build.0 = Debug|Any CPU
		{EBB9252C-2094-489C-94BC-F1842CA9779C}.Release|Any CPU.ActiveCfg = Release|Any CPU
		{EBB9252C-2094-489C-94BC-F1842CA9779C}.Release|Any CPU.Build.0 = Release|Any CPU
		{C42A5E3F-7CE9-4657-9F60-AABF97B21183}.Debug|Any CPU.ActiveCfg = Debug|Any CPU
		{C42A5E3F-7CE9-4657-9F60-AABF97B21183}.Debug|Any CPU.Build.0 = Debug|Any CPU
		{C42A5E3F-7CE9-4657-9F60-AABF97B21183}.Release|Any CPU.ActiveCfg = Release|Any CPU
		{C42A5E3F-7CE9-4657-9F60-AABF97B21183}.Release|Any CPU.Build.0 = Release|Any CPU
		{530E2649-9586-4885-A97E-CCFD14AA1793}.Debug|Any CPU.ActiveCfg = Debug|Any CPU
		{530E2649-9586-4885-A97E-CCFD14AA1793}.Debug|Any CPU.Build.0 = Debug|Any CPU
		{530E2649-9586-4885-A97E-CCFD14AA1793}.Release|Any CPU.ActiveCfg = Release|Any CPU
		{530E2649-9586-4885-A97E-CCFD14AA1793}.Release|Any CPU.Build.0 = Release|Any CPU
	EndGlobalSection
	GlobalSection(SolutionProperties) = preSolution
		HideSolutionNode = FALSE
	EndGlobalSection
	GlobalSection(NestedProjects) = preSolution
		{7F3B8A8F-FB2E-4325-B9A6-D3A905CE1621} = {E9AF602B-CF0A-44BF-840D-6E4369F1D9CE}
		{AF4E78F7-38D8-4FC8-B346-1FAD0E51C8CC} = {138A8206-0EFC-42C7-97D7-3127DF6B55EF}
		{EBB9252C-2094-489C-94BC-F1842CA9779C} = {138A8206-0EFC-42C7-97D7-3127DF6B55EF}
		{C42A5E3F-7CE9-4657-9F60-AABF97B21183} = {85BF2732-F1C1-49D6-8F34-EAB4665D7493}
		{530E2649-9586-4885-A97E-CCFD14AA1793} = {8DBD43BB-0A70-48BE-AF19-E57EED08D706}
	EndGlobalSection
	GlobalSection(ExtensibilityGlobals) = postSolution
		SolutionGuid = {FFF7BFFE-65BF-4658-9748-8AAA5E83DEF6}
	EndGlobalSection
EndGlobal
